
Microsoft Visual Studio Solution File, Format Version 12.00
# Visual Studio 2013
VisualStudioVersion = 12.0.21005.1
MinimumVisualStudioVersion = 10.0.40219.1
Project("{2150E333-8FDC-42A3-9474-1A3956D46DE8}") = "ref", "ref", "{1BC129E2-EA41-4525-B29F-C3FCE7C4097F}"
EndProject
Project("{FAE04EC0-301F-11D3-BF4B-00C04F79EFBC}") = "nilnul.relation(130616", "..\..\nilnul.relation(sln\lib\nilnul.relation(130616.csproj", "{D9162372-81BE-4D8F-8321-E5D53372C59C}"
EndProject
Project("{FAE04EC0-301F-11D3-BF4B-00C04F79EFBC}") = "nilnul(130621", "..\..\nilnul(130115\lib\nilnul(130621.csproj", "{781321C7-7737-4B1F-BA13-048169502805}"
EndProject
Project("{FAE04EC0-301F-11D3-BF4B-00C04F79EFBC}") = "nilnul.bit130616", "..\..\nilnul.bit(sln\lib\nilnul.bit130616.csproj", "{109C1344-5BEA-4E1A-B662-2C7FE60AC428}"
EndProject
Project("{FAE04EC0-301F-11D3-BF4B-00C04F79EFBC}") = "nilnul.obj", "..\..\nilnul.obj\lib\nilnul.obj.csproj", "{9807479B-F797-4A18-9FEB-0CC576C27308}"
EndProject
Project("{FAE04EC0-301F-11D3-BF4B-00C04F79EFBC}") = "nilnul.num.i140727", "..\..\nilnul.num.integer(sln)\lib\nilnul.num.i140727.csproj", "{8CA1D4DC-E1CF-4769-966F-EC26B3FD7802}"
EndProject
Project("{FAE04EC0-301F-11D3-BF4B-00C04F79EFBC}") = "nilnul.collection.set130710", "..\..\nilnul.collection.set\lib\nilnul.collection.set130710.csproj", "{2AA0C2E4-554D-4E03-BB2D-9325DEF32AD0}"
EndProject
Project("{FAE04EC0-301F-11D3-BF4B-00C04F79EFBC}") = "nilnul.order(131219withInterval", "..\..\nilnul.order\lib\nilnul.order(131219withInterval.csproj", "{63759CD3-6172-4308-B978-3563645F858E}"
EndProject
Project("{FAE04EC0-301F-11D3-BF4B-00C04F79EFBC}") = "nilnul.num.natural", "..\..\nilnul.num.natural(sln\lib\nilnul.num.natural.csproj", "{20EEC8AE-B51D-4D52-A843-F9FE1CF28336}"
EndProject
Project("{FAE04EC0-301F-11D3-BF4B-00C04F79EFBC}") = "nilnul.collection(131218", "..\..\nilnul.collection\lib\nilnul.collection(131218.csproj", "{8A90EE69-6C6D-46A9-B344-04111EBD0172}"
EndProject
Project("{FAE04EC0-301F-11D3-BF4B-00C04F79EFBC}") = "nilnul.num.real._test(growing", "nilnul.num.real._test(growing.csproj", "{1EB756AE-302A-4169-A7E3-53DDFCBA2D59}"
EndProject
Project("{FAE04EC0-301F-11D3-BF4B-00C04F79EFBC}") = "nilnul.num.real(140903", "..\lib\nilnul.num.real(140903.csproj", "{DC7CD21E-6810-417A-951B-54DBE4A00784}"
EndProject
Project("{FAE04EC0-301F-11D3-BF4B-00C04F79EFBC}") = "nilnul.num.rational", "..\..\nilnul.num.rational(sln)\lib\nilnul.num.rational.csproj", "{F8C3A892-7DE5-4CB1-AB2F-8AB743C12DE0}"
EndProject
Global
	GlobalSection(SolutionConfigurationPlatforms) = preSolution
		_Temp|Any CPU = _Temp|Any CPU
		_Temp|Mixed Platforms = _Temp|Mixed Platforms
		_Temp|x86 = _Temp|x86
		Debug|Any CPU = Debug|Any CPU
		Debug|Mixed Platforms = Debug|Mixed Platforms
		Debug|x86 = Debug|x86
		Release|Any CPU = Release|Any CPU
		Release|Mixed Platforms = Release|Mixed Platforms
		Release|x86 = Release|x86
	EndGlobalSection
	GlobalSection(ProjectConfigurationPlatforms) = postSolution
		{D9162372-81BE-4D8F-8321-E5D53372C59C}._Temp|Any CPU.ActiveCfg = Release|Any CPU
		{D9162372-81BE-4D8F-8321-E5D53372C59C}._Temp|Any CPU.Build.0 = Release|Any CPU
		{D9162372-81BE-4D8F-8321-E5D53372C59C}._Temp|Mixed Platforms.ActiveCfg = Release|Any CPU
		{D9162372-81BE-4D8F-8321-E5D53372C59C}._Temp|Mixed Platforms.Build.0 = Release|Any CPU
		{D9162372-81BE-4D8F-8321-E5D53372C59C}._Temp|x86.ActiveCfg = Release|Any CPU
		{D9162372-81BE-4D8F-8321-E5D53372C59C}.Debug|Any CPU.ActiveCfg = Debug|Any CPU
		{D9162372-81BE-4D8F-8321-E5D53372C59C}.Debug|Any CPU.Build.0 = Debug|Any CPU
		{D9162372-81BE-4D8F-8321-E5D53372C59C}.Debug|Mixed Platforms.ActiveCfg = Debug|Any CPU
		{D9162372-81BE-4D8F-8321-E5D53372C59C}.Debug|Mixed Platforms.Build.0 = Debug|Any CPU
		{D9162372-81BE-4D8F-8321-E5D53372C59C}.Debug|x86.ActiveCfg = Debug|Any CPU
		{D9162372-81BE-4D8F-8321-E5D53372C59C}.Release|Any CPU.ActiveCfg = Release|Any CPU
		{D9162372-81BE-4D8F-8321-E5D53372C59C}.Release|Any CPU.Build.0 = Release|Any CPU
		{D9162372-81BE-4D8F-8321-E5D53372C59C}.Release|Mixed Platforms.ActiveCfg = Release|Any CPU
		{D9162372-81BE-4D8F-8321-E5D53372C59C}.Release|Mixed Platforms.Build.0 = Release|Any CPU
		{D9162372-81BE-4D8F-8321-E5D53372C59C}.Release|x86.ActiveCfg = Release|Any CPU
		{781321C7-7737-4B1F-BA13-048169502805}._Temp|Any CPU.ActiveCfg = _Temp|Any CPU
		{781321C7-7737-4B1F-BA13-048169502805}._Temp|Any CPU.Build.0 = _Temp|Any CPU
		{781321C7-7737-4B1F-BA13-048169502805}._Temp|Mixed Platforms.ActiveCfg = _Temp|Any CPU
		{781321C7-7737-4B1F-BA13-048169502805}._Temp|Mixed Platforms.Build.0 = _Temp|Any CPU
		{781321C7-7737-4B1F-BA13-048169502805}._Temp|x86.ActiveCfg = _Temp|Any CPU
		{781321C7-7737-4B1F-BA13-048169502805}.Debug|Any CPU.ActiveCfg = Debug|Any CPU
		{781321C7-7737-4B1F-BA13-048169502805}.Debug|Any CPU.Build.0 = Debug|Any CPU
		{781321C7-7737-4B1F-BA13-048169502805}.Debug|Mixed Platforms.ActiveCfg = Debug|Any CPU
		{781321C7-7737-4B1F-BA13-048169502805}.Debug|Mixed Platforms.Build.0 = Debug|Any CPU
		{781321C7-7737-4B1F-BA13-048169502805}.Debug|x86.ActiveCfg = Debug|Any CPU
		{781321C7-7737-4B1F-BA13-048169502805}.Release|Any CPU.ActiveCfg = Release|Any CPU
		{781321C7-7737-4B1F-BA13-048169502805}.Release|Any CPU.Build.0 = Release|Any CPU
		{781321C7-7737-4B1F-BA13-048169502805}.Release|Mixed Platforms.ActiveCfg = Release|Any CPU
		{781321C7-7737-4B1F-BA13-048169502805}.Release|Mixed Platforms.Build.0 = Release|Any CPU
		{781321C7-7737-4B1F-BA13-048169502805}.Release|x86.ActiveCfg = Release|Any CPU
		{109C1344-5BEA-4E1A-B662-2C7FE60AC428}._Temp|Any CPU.ActiveCfg = _Temp|Any CPU
		{109C1344-5BEA-4E1A-B662-2C7FE60AC428}._Temp|Any CPU.Build.0 = _Temp|Any CPU
		{109C1344-5BEA-4E1A-B662-2C7FE60AC428}._Temp|Mixed Platforms.ActiveCfg = _Temp|Any CPU
		{109C1344-5BEA-4E1A-B662-2C7FE60AC428}._Temp|Mixed Platforms.Build.0 = _Temp|Any CPU
		{109C1344-5BEA-4E1A-B662-2C7FE60AC428}._Temp|x86.ActiveCfg = _Temp|Any CPU
		{109C1344-5BEA-4E1A-B662-2C7FE60AC428}.Debug|Any CPU.ActiveCfg = Debug|Any CPU
		{109C1344-5BEA-4E1A-B662-2C7FE60AC428}.Debug|Any CPU.Build.0 = Debug|Any CPU
		{109C1344-5BEA-4E1A-B662-2C7FE60AC428}.Debug|Mixed Platforms.ActiveCfg = Debug|Any CPU
		{109C1344-5BEA-4E1A-B662-2C7FE60AC428}.Debug|Mixed Platforms.Build.0 = Debug|Any CPU
		{109C1344-5BEA-4E1A-B662-2C7FE60AC428}.Debug|x86.ActiveCfg = Debug|Any CPU
		{109C1344-5BEA-4E1A-B662-2C7FE60AC428}.Release|Any CPU.ActiveCfg = Release|Any CPU
		{109C1344-5BEA-4E1A-B662-2C7FE60AC428}.Release|Any CPU.Build.0 = Release|Any CPU
		{109C1344-5BEA-4E1A-B662-2C7FE60AC428}.Release|Mixed Platforms.ActiveCfg = Release|Any CPU
		{109C1344-5BEA-4E1A-B662-2C7FE60AC428}.Release|Mixed Platforms.Build.0 = Release|Any CPU
		{109C1344-5BEA-4E1A-B662-2C7FE60AC428}.Release|x86.ActiveCfg = Release|Any CPU
		{9807479B-F797-4A18-9FEB-0CC576C27308}._Temp|Any CPU.ActiveCfg = _Temp|Any CPU
		{9807479B-F797-4A18-9FEB-0CC576C27308}._Temp|Any CPU.Build.0 = _Temp|Any CPU
		{9807479B-F797-4A18-9FEB-0CC576C27308}._Temp|Mixed Platforms.ActiveCfg = _Temp|Any CPU
		{9807479B-F797-4A18-9FEB-0CC576C27308}._Temp|Mixed Platforms.Build.0 = _Temp|Any CPU
		{9807479B-F797-4A18-9FEB-0CC576C27308}._Temp|x86.ActiveCfg = _Temp|Any CPU
		{9807479B-F797-4A18-9FEB-0CC576C27308}.Debug|Any CPU.ActiveCfg = Debug|Any CPU
		{9807479B-F797-4A18-9FEB-0CC576C27308}.Debug|Any CPU.Build.0 = Debug|Any CPU
		{9807479B-F797-4A18-9FEB-0CC576C27308}.Debug|Mixed Platforms.ActiveCfg = Debug|Any CPU
		{9807479B-F797-4A18-9FEB-0CC576C27308}.Debug|Mixed Platforms.Build.0 = Debug|Any CPU
		{9807479B-F797-4A18-9FEB-0CC576C27308}.Debug|x86.ActiveCfg = Debug|Any CPU
		{9807479B-F797-4A18-9FEB-0CC576C27308}.Release|Any CPU.ActiveCfg = Release|Any CPU
		{9807479B-F797-4A18-9FEB-0CC576C27308}.Release|Any CPU.Build.0 = Release|Any CPU
		{9807479B-F797-4A18-9FEB-0CC576C27308}.Release|Mixed Platforms.ActiveCfg = Release|Any CPU
		{9807479B-F797-4A18-9FEB-0CC576C27308}.Release|Mixed Platforms.Build.0 = Release|Any CPU
		{9807479B-F797-4A18-9FEB-0CC576C27308}.Release|x86.ActiveCfg = Release|Any CPU
		{8CA1D4DC-E1CF-4769-966F-EC26B3FD7802}._Temp|Any CPU.ActiveCfg = Release|Any CPU
		{8CA1D4DC-E1CF-4769-966F-EC26B3FD7802}._Temp|Any CPU.Build.0 = Release|Any CPU
		{8CA1D4DC-E1CF-4769-966F-EC26B3FD7802}._Temp|Mixed Platforms.ActiveCfg = Release|Any CPU
		{8CA1D4DC-E1CF-4769-966F-EC26B3FD7802}._Temp|Mixed Platforms.Build.0 = Release|Any CPU
		{8CA1D4DC-E1CF-4769-966F-EC26B3FD7802}._Temp|x86.ActiveCfg = Release|Any CPU
		{8CA1D4DC-E1CF-4769-966F-EC26B3FD7802}.Debug|Any CPU.ActiveCfg = Debug|Any CPU
		{8CA1D4DC-E1CF-4769-966F-EC26B3FD7802}.Debug|Any CPU.Build.0 = Debug|Any CPU
		{8CA1D4DC-E1CF-4769-966F-EC26B3FD7802}.Debug|Mixed Platforms.ActiveCfg = Debug|Any CPU
		{8CA1D4DC-E1CF-4769-966F-EC26B3FD7802}.Debug|Mixed Platforms.Build.0 = Debug|Any CPU
		{8CA1D4DC-E1CF-4769-966F-EC26B3FD7802}.Debug|x86.ActiveCfg = Debug|Any CPU
		{8CA1D4DC-E1CF-4769-966F-EC26B3FD7802}.Release|Any CPU.ActiveCfg = Release|Any CPU
		{8CA1D4DC-E1CF-4769-966F-EC26B3FD7802}.Release|Any CPU.Build.0 = Release|Any CPU
		{8CA1D4DC-E1CF-4769-966F-EC26B3FD7802}.Release|Mixed Platforms.ActiveCfg = Release|Any CPU
		{8CA1D4DC-E1CF-4769-966F-EC26B3FD7802}.Release|Mixed Platforms.Build.0 = Release|Any CPU
		{8CA1D4DC-E1CF-4769-966F-EC26B3FD7802}.Release|x86.ActiveCfg = Release|Any CPU
		{2AA0C2E4-554D-4E03-BB2D-9325DEF32AD0}._Temp|Any CPU.ActiveCfg = Release|Any CPU
		{2AA0C2E4-554D-4E03-BB2D-9325DEF32AD0}._Temp|Any CPU.Build.0 = Release|Any CPU
		{2AA0C2E4-554D-4E03-BB2D-9325DEF32AD0}._Temp|Mixed Platforms.ActiveCfg = Release|Any CPU
		{2AA0C2E4-554D-4E03-BB2D-9325DEF32AD0}._Temp|Mixed Platforms.Build.0 = Release|Any CPU
		{2AA0C2E4-554D-4E03-BB2D-9325DEF32AD0}._Temp|x86.ActiveCfg = Release|Any CPU
		{2AA0C2E4-554D-4E03-BB2D-9325DEF32AD0}.Debug|Any CPU.ActiveCfg = Debug|Any CPU
		{2AA0C2E4-554D-4E03-BB2D-9325DEF32AD0}.Debug|Any CPU.Build.0 = Debug|Any CPU
		{2AA0C2E4-554D-4E03-BB2D-9325DEF32AD0}.Debug|Mixed Platforms.ActiveCfg = Debug|Any CPU
		{2AA0C2E4-554D-4E03-BB2D-9325DEF32AD0}.Debug|Mixed Platforms.Build.0 = Debug|Any CPU
		{2AA0C2E4-554D-4E03-BB2D-9325DEF32AD0}.Debug|x86.ActiveCfg = Debug|Any CPU
		{2AA0C2E4-554D-4E03-BB2D-9325DEF32AD0}.Release|Any CPU.ActiveCfg = Release|Any CPU
		{2AA0C2E4-554D-4E03-BB2D-9325DEF32AD0}.Release|Any CPU.Build.0 = Release|Any CPU
		{2AA0C2E4-554D-4E03-BB2D-9325DEF32AD0}.Release|Mixed Platforms.ActiveCfg = Release|Any CPU
		{2AA0C2E4-554D-4E03-BB2D-9325DEF32AD0}.Release|Mixed Platforms.Build.0 = Release|Any CPU
		{2AA0C2E4-554D-4E03-BB2D-9325DEF32AD0}.Release|x86.ActiveCfg = Release|Any CPU
		{63759CD3-6172-4308-B978-3563645F858E}._Temp|Any CPU.ActiveCfg = Release|Any CPU
		{63759CD3-6172-4308-B978-3563645F858E}._Temp|Any CPU.Build.0 = Release|Any CPU
		{63759CD3-6172-4308-B978-3563645F858E}._Temp|Mixed Platforms.ActiveCfg = Release|Any CPU
		{63759CD3-6172-4308-B978-3563645F858E}._Temp|Mixed Platforms.Build.0 = Release|Any CPU
		{63759CD3-6172-4308-B978-3563645F858E}._Temp|x86.ActiveCfg = Release|Any CPU
		{63759CD3-6172-4308-B978-3563645F858E}.Debug|Any CPU.ActiveCfg = Debug|Any CPU
		{63759CD3-6172-4308-B978-3563645F858E}.Debug|Any CPU.Build.0 = Debug|Any CPU
		{63759CD3-6172-4308-B978-3563645F858E}.Debug|Mixed Platforms.ActiveCfg = Debug|Any CPU
		{63759CD3-6172-4308-B978-3563645F858E}.Debug|Mixed Platforms.Build.0 = Debug|Any CPU
		{63759CD3-6172-4308-B978-3563645F858E}.Debug|x86.ActiveCfg = Debug|Any CPU
		{63759CD3-6172-4308-B978-3563645F858E}.Release|Any CPU.ActiveCfg = Release|Any CPU
		{63759CD3-6172-4308-B978-3563645F858E}.Release|Any CPU.Build.0 = Release|Any CPU
		{63759CD3-6172-4308-B978-3563645F858E}.Release|Mixed Platforms.ActiveCfg = Release|Any CPU
		{63759CD3-6172-4308-B978-3563645F858E}.Release|Mixed Platforms.Build.0 = Release|Any CPU
		{63759CD3-6172-4308-B978-3563645F858E}.Release|x86.ActiveCfg = Release|Any CPU
		{20EEC8AE-B51D-4D52-A843-F9FE1CF28336}._Temp|Any CPU.ActiveCfg = Release|Any CPU
		{20EEC8AE-B51D-4D52-A843-F9FE1CF28336}._Temp|Any CPU.Build.0 = Release|Any CPU
		{20EEC8AE-B51D-4D52-A843-F9FE1CF28336}._Temp|Mixed Platforms.ActiveCfg = Release|Any CPU
		{20EEC8AE-B51D-4D52-A843-F9FE1CF28336}._Temp|Mixed Platforms.Build.0 = Release|Any CPU
		{20EEC8AE-B51D-4D52-A843-F9FE1CF28336}._Temp|x86.ActiveCfg = Release|Any CPU
		{20EEC8AE-B51D-4D52-A843-F9FE1CF28336}.Debug|Any CPU.ActiveCfg = Debug|Any CPU
		{20EEC8AE-B51D-4D52-A843-F9FE1CF28336}.Debug|Any CPU.Build.0 = Debug|Any CPU
		{20EEC8AE-B51D-4D52-A843-F9FE1CF28336}.Debug|Mixed Platforms.ActiveCfg = Debug|Any CPU
		{20EEC8AE-B51D-4D52-A843-F9FE1CF28336}.Debug|Mixed Platforms.Build.0 = Debug|Any CPU
		{20EEC8AE-B51D-4D52-A843-F9FE1CF28336}.Debug|x86.ActiveCfg = Debug|Any CPU
		{20EEC8AE-B51D-4D52-A843-F9FE1CF28336}.Release|Any CPU.ActiveCfg = Release|Any CPU
		{20EEC8AE-B51D-4D52-A843-F9FE1CF28336}.Release|Any CPU.Build.0 = Release|Any CPU
		{20EEC8AE-B51D-4D52-A843-F9FE1CF28336}.Release|Mixed Platforms.ActiveCfg = Release|Any CPU
		{20EEC8AE-B51D-4D52-A843-F9FE1CF28336}.Release|Mixed Platforms.Build.0 = Release|Any CPU
		{20EEC8AE-B51D-4D52-A843-F9FE1CF28336}.Release|x86.ActiveCfg = Release|Any CPU
		{8A90EE69-6C6D-46A9-B344-04111EBD0172}._Temp|Any CPU.ActiveCfg = Release|Any CPU
		{8A90EE69-6C6D-46A9-B344-04111EBD0172}._Temp|Any CPU.Build.0 = Release|Any CPU
		{8A90EE69-6C6D-46A9-B344-04111EBD0172}._Temp|Mixed Platforms.ActiveCfg = Release|Any CPU
		{8A90EE69-6C6D-46A9-B344-04111EBD0172}._Temp|Mixed Platforms.Build.0 = Release|Any CPU
		{8A90EE69-6C6D-46A9-B344-04111EBD0172}._Temp|x86.ActiveCfg = Release|Any CPU
		{8A90EE69-6C6D-46A9-B344-04111EBD0172}.Debug|Any CPU.ActiveCfg = Debug|Any CPU
		{8A90EE69-6C6D-46A9-B344-04111EBD0172}.Debug|Any CPU.Build.0 = Debug|Any CPU
		{8A90EE69-6C6D-46A9-B344-04111EBD0172}.Debug|Mixed Platforms.ActiveCfg = Debug|Any CPU
		{8A90EE69-6C6D-46A9-B344-04111EBD0172}.Debug|Mixed Platforms.Build.0 = Debug|Any CPU
		{8A90EE69-6C6D-46A9-B344-04111EBD0172}.Debug|x86.ActiveCfg = Debug|Any CPU
		{8A90EE69-6C6D-46A9-B344-04111EBD0172}.Release|Any CPU.ActiveCfg = Release|Any CPU
		{8A90EE69-6C6D-46A9-B344-04111EBD0172}.Release|Any CPU.Build.0 = Release|Any CPU
		{8A90EE69-6C6D-46A9-B344-04111EBD0172}.Release|Mixed Platforms.ActiveCfg = Release|Any CPU
		{8A90EE69-6C6D-46A9-B344-04111EBD0172}.Release|Mixed Platforms.Build.0 = Release|Any CPU
		{8A90EE69-6C6D-46A9-B344-04111EBD0172}.Release|x86.ActiveCfg = Release|Any CPU
		{1EB756AE-302A-4169-A7E3-53DDFCBA2D59}._Temp|Any CPU.ActiveCfg = Release|Any CPU
		{1EB756AE-302A-4169-A7E3-53DDFCBA2D59}._Temp|Any CPU.Build.0 = Release|Any CPU
		{1EB756AE-302A-4169-A7E3-53DDFCBA2D59}._Temp|Mixed Platforms.ActiveCfg = Release|Any CPU
		{1EB756AE-302A-4169-A7E3-53DDFCBA2D59}._Temp|Mixed Platforms.Build.0 = Release|Any CPU
		{1EB756AE-302A-4169-A7E3-53DDFCBA2D59}._Temp|x86.ActiveCfg = Release|Any CPU
		{1EB756AE-302A-4169-A7E3-53DDFCBA2D59}.Debug|Any CPU.ActiveCfg = Debug|Any CPU
		{1EB756AE-302A-4169-A7E3-53DDFCBA2D59}.Debug|Any CPU.Build.0 = Debug|Any CPU
		{1EB756AE-302A-4169-A7E3-53DDFCBA2D59}.Debug|Mixed Platforms.ActiveCfg = Debug|Any CPU
		{1EB756AE-302A-4169-A7E3-53DDFCBA2D59}.Debug|Mixed Platforms.Build.0 = Debug|Any CPU
		{1EB756AE-302A-4169-A7E3-53DDFCBA2D59}.Debug|x86.ActiveCfg = Debug|Any CPU
		{1EB756AE-302A-4169-A7E3-53DDFCBA2D59}.Release|Any CPU.ActiveCfg = Release|Any CPU
		{1EB756AE-302A-4169-A7E3-53DDFCBA2D59}.Release|Any CPU.Build.0 = Release|Any CPU
		{1EB756AE-302A-4169-A7E3-53DDFCBA2D59}.Release|Mixed Platforms.ActiveCfg = Release|Any CPU
		{1EB756AE-302A-4169-A7E3-53DDFCBA2D59}.Release|Mixed Platforms.Build.0 = Release|Any CPU
		{1EB756AE-302A-4169-A7E3-53DDFCBA2D59}.Release|x86.ActiveCfg = Release|Any CPU
		{DC7CD21E-6810-417A-951B-54DBE4A00784}._Temp|Any CPU.ActiveCfg = Release|Any CPU
		{DC7CD21E-6810-417A-951B-54DBE4A00784}._Temp|Any CPU.Build.0 = Release|Any CPU
		{DC7CD21E-6810-417A-951B-54DBE4A00784}._Temp|Mixed Platforms.ActiveCfg = Release|Any CPU
		{DC7CD21E-6810-417A-951B-54DBE4A00784}._Temp|Mixed Platforms.Build.0 = Release|Any CPU
		{DC7CD21E-6810-417A-951B-54DBE4A00784}._Temp|x86.ActiveCfg = Release|Any CPU
		{DC7CD21E-6810-417A-951B-54DBE4A00784}.Debug|Any CPU.ActiveCfg = Debug|Any CPU
		{DC7CD21E-6810-417A-951B-54DBE4A00784}.Debug|Any CPU.Build.0 = Debug|Any CPU
		{DC7CD21E-6810-417A-951B-54DBE4A00784}.Debug|Mixed Platforms.ActiveCfg = Debug|Any CPU
		{DC7CD21E-6810-417A-951B-54DBE4A00784}.Debug|Mixed Platforms.Build.0 = Debug|Any CPU
		{DC7CD21E-6810-417A-951B-54DBE4A00784}.Debug|x86.ActiveCfg = Debug|Any CPU
		{DC7CD21E-6810-417A-951B-54DBE4A00784}.Release|Any CPU.ActiveCfg = Release|Any CPU
		{DC7CD21E-6810-417A-951B-54DBE4A00784}.Release|Any CPU.Build.0 = Release|Any CPU
		{DC7CD21E-6810-417A-951B-54DBE4A00784}.Release|Mixed Platforms.ActiveCfg = Release|Any CPU
		{DC7CD21E-6810-417A-951B-54DBE4A00784}.Release|Mixed Platforms.Build.0 = Release|Any CPU
		{DC7CD21E-6810-417A-951B-54DBE4A00784}.Release|x86.ActiveCfg = Release|Any CPU
		{F8C3A892-7DE5-4CB1-AB2F-8AB743C12DE0}._Temp|Any CPU.ActiveCfg = Release|Any CPU
		{F8C3A892-7DE5-4CB1-AB2F-8AB743C12DE0}._Temp|Any CPU.Build.0 = Release|Any CPU
		{F8C3A892-7DE5-4CB1-AB2F-8AB743C12DE0}._Temp|Mixed Platforms.ActiveCfg = Release|Any CPU
		{F8C3A892-7DE5-4CB1-AB2F-8AB743C12DE0}._Temp|Mixed Platforms.Build.0 = Release|Any CPU
		{F8C3A892-7DE5-4CB1-AB2F-8AB743C12DE0}._Temp|x86.ActiveCfg = Release|Any CPU
		{F8C3A892-7DE5-4CB1-AB2F-8AB743C12DE0}.Debug|Any CPU.ActiveCfg = Debug|Any CPU
		{F8C3A892-7DE5-4CB1-AB2F-8AB743C12DE0}.Debug|Any CPU.Build.0 = Debug|Any CPU
		{F8C3A892-7DE5-4CB1-AB2F-8AB743C12DE0}.Debug|Mixed Platforms.ActiveCfg = Debug|Any CPU
		{F8C3A892-7DE5-4CB1-AB2F-8AB743C12DE0}.Debug|Mixed Platforms.Build.0 = Debug|Any CPU
		{F8C3A892-7DE5-4CB1-AB2F-8AB743C12DE0}.Debug|x86.ActiveCfg = Debug|Any CPU
		{F8C3A892-7DE5-4CB1-AB2F-8AB743C12DE0}.Release|Any CPU.ActiveCfg = Release|Any CPU
		{F8C3A892-7DE5-4CB1-AB2F-8AB743C12DE0}.Release|Any CPU.Build.0 = Release|Any CPU
		{F8C3A892-7DE5-4CB1-AB2F-8AB743C12DE0}.Release|Mixed Platforms.ActiveCfg = Release|Any CPU
		{F8C3A892-7DE5-4CB1-AB2F-8AB743C12DE0}.Release|Mixed Platforms.Build.0 = Release|Any CPU
		{F8C3A892-7DE5-4CB1-AB2F-8AB743C12DE0}.Release|x86.ActiveCfg = Release|Any CPU
	EndGlobalSection
	GlobalSection(SolutionProperties) = preSolution
		HideSolutionNode = FALSE
	EndGlobalSection
	GlobalSection(NestedProjects) = preSolution
		{D9162372-81BE-4D8F-8321-E5D53372C59C} = {1BC129E2-EA41-4525-B29F-C3FCE7C4097F}
		{781321C7-7737-4B1F-BA13-048169502805} = {1BC129E2-EA41-4525-B29F-C3FCE7C4097F}
		{109C1344-5BEA-4E1A-B662-2C7FE60AC428} = {1BC129E2-EA41-4525-B29F-C3FCE7C4097F}
		{9807479B-F797-4A18-9FEB-0CC576C27308} = {1BC129E2-EA41-4525-B29F-C3FCE7C4097F}
		{8CA1D4DC-E1CF-4769-966F-EC26B3FD7802} = {1BC129E2-EA41-4525-B29F-C3FCE7C4097F}
		{2AA0C2E4-554D-4E03-BB2D-9325DEF32AD0} = {1BC129E2-EA41-4525-B29F-C3FCE7C4097F}
		{63759CD3-6172-4308-B978-3563645F858E} = {1BC129E2-EA41-4525-B29F-C3FCE7C4097F}
		{20EEC8AE-B51D-4D52-A843-F9FE1CF28336} = {1BC129E2-EA41-4525-B29F-C3FCE7C4097F}
		{8A90EE69-6C6D-46A9-B344-04111EBD0172} = {1BC129E2-EA41-4525-B29F-C3FCE7C4097F}
		{F8C3A892-7DE5-4CB1-AB2F-8AB743C12DE0} = {1BC129E2-EA41-4525-B29F-C3FCE7C4097F}
	EndGlobalSection
	GlobalSection(TestCaseManagementSettings) = postSolution
		CategoryFile = ..\..\nilnul.num.rational\nilnul.num.rational.vsmdi
	EndGlobalSection
EndGlobal
