
Microsoft Visual Studio Solution File, Format Version 12.00
# Visual Studio 2013
VisualStudioVersion = 12.0.21005.1
MinimumVisualStudioVersion = 10.0.40219.1
Project("{2150E333-8FDC-42A3-9474-1A3956D46DE8}") = "ref", "ref", "{1BC129E2-EA41-4525-B29F-C3FCE7C4097F}"
EndProject
Project("{2150E333-8FDC-42A3-9474-1A3956D46DE8}") = "interval", "interval", "{5F20C5AB-C496-4B9E-9DF6-6E4FE8330051}"
EndProject
Project("{2150E333-8FDC-42A3-9474-1A3956D46DE8}") = "111.ref", "111.ref", "{132C82AA-C2D7-4846-92F4-BD8A1949E3D4}"
EndProject
Project("{2150E333-8FDC-42A3-9474-1A3956D46DE8}") = "order", "order", "{54468285-F33E-4E66-ABF8-DCE4A624CBD8}"
EndProject
Project("{FAE04EC0-301F-11D3-BF4B-00C04F79EFBC}") = "nilnul.relation(130616", "..\..\nilnul.relation(sln\lib\nilnul.relation(130616.csproj", "{D9162372-81BE-4D8F-8321-E5D53372C59C}"
EndProject
Project("{2150E333-8FDC-42A3-9474-1A3956D46DE8}") = "matrix", "matrix", "{B4A04CFB-233D-4304-8447-BC25085BD274}"
EndProject
Project("{2150E333-8FDC-42A3-9474-1A3956D46DE8}") = "set", "set", "{9C4D9835-5937-4D56-9919-769025FA9DEC}"
EndProject
Project("{2150E333-8FDC-42A3-9474-1A3956D46DE8}") = "111.ref", "111.ref", "{B937B7FD-3759-484B-8A1E-F7FADF835194}"
EndProject
Project("{2150E333-8FDC-42A3-9474-1A3956D46DE8}") = "nilnul", "nilnul", "{6C9FB20A-B7FB-4A41-91A1-B8EFD3BB7080}"
EndProject
Project("{FAE04EC0-301F-11D3-BF4B-00C04F79EFBC}") = "nilnul(130621", "..\..\nilnul(130115\lib\nilnul(130621.csproj", "{781321C7-7737-4B1F-BA13-048169502805}"
EndProject
Project("{2150E333-8FDC-42A3-9474-1A3956D46DE8}") = "bit", "bit", "{30F88005-A2F6-4999-830C-70F3133C9564}"
EndProject
Project("{FAE04EC0-301F-11D3-BF4B-00C04F79EFBC}") = "nilnul.bit130616", "..\..\nilnul.bit(sln\lib\nilnul.bit130616.csproj", "{109C1344-5BEA-4E1A-B662-2C7FE60AC428}"
EndProject
Project("{2150E333-8FDC-42A3-9474-1A3956D46DE8}") = "nilnul_obj", "nilnul_obj", "{B40132D1-E305-46D2-AE24-E30E00933809}"
EndProject
Project("{2150E333-8FDC-42A3-9474-1A3956D46DE8}") = "rational.num", "rational.num", "{7B8D3AAB-8A25-4549-8F85-78CF67A5F4CB}"
EndProject
Project("{2150E333-8FDC-42A3-9474-1A3956D46DE8}") = "num_int", "num_int", "{CF353162-0FC6-4336-840D-949378CEE284}"
EndProject
Project("{2150E333-8FDC-42A3-9474-1A3956D46DE8}") = "num_natural", "num_natural", "{1A5E6BA3-081D-478A-AEF6-3849C91D3F37}"
EndProject
Project("{FAE04EC0-301F-11D3-BF4B-00C04F79EFBC}") = "nilnul.obj", "..\..\nilnul.obj\lib\nilnul.obj.csproj", "{9807479B-F797-4A18-9FEB-0CC576C27308}"
EndProject
Project("{FAE04EC0-301F-11D3-BF4B-00C04F79EFBC}") = "nilnul.num.rational", "..\..\nilnul.num.rational(sln)\lib\nilnul.num.rational.csproj", "{F8C3A892-7DE5-4CB1-AB2F-8AB743C12DE0}"
EndProject
Project("{FAE04EC0-301F-11D3-BF4B-00C04F79EFBC}") = "nilnul.num.int_", "..\..\nilnul.num.integer(sln)\lib\nilnul.num.int_.csproj", "{8CA1D4DC-E1CF-4769-966F-EC26B3FD7802}"
EndProject
Project("{2150E333-8FDC-42A3-9474-1A3956D46DE8}") = "collection(matrix", "collection(matrix", "{DB39501B-B9B6-42A5-BBD5-1DC96A0BE6EE}"
EndProject
Project("{FAE04EC0-301F-11D3-BF4B-00C04F79EFBC}") = "nilnul.collection(130408", "..\..\nilnul.collection\nilnul.collection(130115\nilnul.collection(130408.csproj", "{23E74796-191B-415D-A3C9-67BEDB7C0216}"
EndProject
Project("{FAE04EC0-301F-11D3-BF4B-00C04F79EFBC}") = "nilnul.collection.set130710", "..\..\nilnul.collection.set\lib\nilnul.collection.set130710.csproj", "{2AA0C2E4-554D-4E03-BB2D-9325DEF32AD0}"
EndProject
Project("{FAE04EC0-301F-11D3-BF4B-00C04F79EFBC}") = "nilnul.order(131219withInterval", "..\..\nilnul.order\lib\nilnul.order(131219withInterval.csproj", "{63759CD3-6172-4308-B978-3563645F858E}"
EndProject
Project("{FAE04EC0-301F-11D3-BF4B-00C04F79EFBC}") = "nilnul.num.natural140402", "..\..\nilnul.num.natural(sln\lib\nilnul.num.natural140402.csproj", "{20EEC8AE-B51D-4D52-A843-F9FE1CF28336}"
EndProject
Project("{FAE04EC0-301F-11D3-BF4B-00C04F79EFBC}") = "nilnul.collection(131218", "..\..\nilnul.collection\lib\nilnul.collection(131218.csproj", "{8A90EE69-6C6D-46A9-B344-04111EBD0172}"
EndProject
Project("{2150E333-8FDC-42A3-9474-1A3956D46DE8}") = "222.ref", "222.ref", "{1A0CE98E-EC54-408C-9BA9-32617113B4F9}"
EndProject
Project("{2150E333-8FDC-42A3-9474-1A3956D46DE8}") = "nilnul", "nilnul", "{415FF586-2D24-43BB-BDD0-22174EE05E3D}"
EndProject
Project("{2150E333-8FDC-42A3-9474-1A3956D46DE8}") = "nilnul", "nilnul", "{29826A61-DF20-4CF2-AFDD-F55921C2ACCE}"
EndProject
Project("{2150E333-8FDC-42A3-9474-1A3956D46DE8}") = "ref", "ref", "{47D8D338-5994-4101-B864-2D801A2848F5}"
EndProject
Project("{FAE04EC0-301F-11D3-BF4B-00C04F79EFBC}") = "nilnul.num.real(140331", "nilnul.num.real(140331.csproj", "{C9ECAEE3-FBCC-40D3-A86E-54F5E300BAF2}"
EndProject
Project("{FAE04EC0-301F-11D3-BF4B-00C04F79EFBC}") = "nilnul.num.real(increment", "nilnul.num.real(increment.csproj", "{B6428C9D-7F5E-4E6A-94C5-3805FE999481}"
EndProject
Project("{FAE04EC0-301F-11D3-BF4B-00C04F79EFBC}") = "nilnul.collection.set.cardinal", "..\..\nilnul.collection.set.cls\nilnul.collection.set.cardinal\nilnul.collection.set.cardinal.csproj", "{9386AC57-5A25-462B-9414-4F282408955C}"
EndProject
Project("{FAE04EC0-301F-11D3-BF4B-00C04F79EFBC}") = "nilnul.collection.set.cls", "..\..\nilnul.collection.set.cls\_dll\nilnul.collection.set.cls.csproj", "{976868E8-1BC7-4CA5-B1E2-ACA38FFFAFEE}"
EndProject
Global
	GlobalSection(SolutionConfigurationPlatforms) = preSolution
		_Temp|Any CPU = _Temp|Any CPU
		_Temp|Mixed Platforms = _Temp|Mixed Platforms
		_Temp|x86 = _Temp|x86
		Debug|Any CPU = Debug|Any CPU
		Debug|Mixed Platforms = Debug|Mixed Platforms
		Debug|x86 = Debug|x86
		Release|Any CPU = Release|Any CPU
		Release|Mixed Platforms = Release|Mixed Platforms
		Release|x86 = Release|x86
	EndGlobalSection
	GlobalSection(ProjectConfigurationPlatforms) = postSolution
		{D9162372-81BE-4D8F-8321-E5D53372C59C}._Temp|Any CPU.ActiveCfg = Release|Any CPU
		{D9162372-81BE-4D8F-8321-E5D53372C59C}._Temp|Any CPU.Build.0 = Release|Any CPU
		{D9162372-81BE-4D8F-8321-E5D53372C59C}._Temp|Mixed Platforms.ActiveCfg = Release|Any CPU
		{D9162372-81BE-4D8F-8321-E5D53372C59C}._Temp|Mixed Platforms.Build.0 = Release|Any CPU
		{D9162372-81BE-4D8F-8321-E5D53372C59C}._Temp|x86.ActiveCfg = Release|Any CPU
		{D9162372-81BE-4D8F-8321-E5D53372C59C}.Debug|Any CPU.ActiveCfg = Debug|Any CPU
		{D9162372-81BE-4D8F-8321-E5D53372C59C}.Debug|Any CPU.Build.0 = Debug|Any CPU
		{D9162372-81BE-4D8F-8321-E5D53372C59C}.Debug|Mixed Platforms.ActiveCfg = Debug|Any CPU
		{D9162372-81BE-4D8F-8321-E5D53372C59C}.Debug|Mixed Platforms.Build.0 = Debug|Any CPU
		{D9162372-81BE-4D8F-8321-E5D53372C59C}.Debug|x86.ActiveCfg = Debug|Any CPU
		{D9162372-81BE-4D8F-8321-E5D53372C59C}.Release|Any CPU.ActiveCfg = Release|Any CPU
		{D9162372-81BE-4D8F-8321-E5D53372C59C}.Release|Any CPU.Build.0 = Release|Any CPU
		{D9162372-81BE-4D8F-8321-E5D53372C59C}.Release|Mixed Platforms.ActiveCfg = Release|Any CPU
		{D9162372-81BE-4D8F-8321-E5D53372C59C}.Release|Mixed Platforms.Build.0 = Release|Any CPU
		{D9162372-81BE-4D8F-8321-E5D53372C59C}.Release|x86.ActiveCfg = Release|Any CPU
		{781321C7-7737-4B1F-BA13-048169502805}._Temp|Any CPU.ActiveCfg = _Temp|Any CPU
		{781321C7-7737-4B1F-BA13-048169502805}._Temp|Any CPU.Build.0 = _Temp|Any CPU
		{781321C7-7737-4B1F-BA13-048169502805}._Temp|Mixed Platforms.ActiveCfg = _Temp|Any CPU
		{781321C7-7737-4B1F-BA13-048169502805}._Temp|Mixed Platforms.Build.0 = _Temp|Any CPU
		{781321C7-7737-4B1F-BA13-048169502805}._Temp|x86.ActiveCfg = _Temp|Any CPU
		{781321C7-7737-4B1F-BA13-048169502805}.Debug|Any CPU.ActiveCfg = Debug|Any CPU
		{781321C7-7737-4B1F-BA13-048169502805}.Debug|Any CPU.Build.0 = Debug|Any CPU
		{781321C7-7737-4B1F-BA13-048169502805}.Debug|Mixed Platforms.ActiveCfg = Debug|Any CPU
		{781321C7-7737-4B1F-BA13-048169502805}.Debug|Mixed Platforms.Build.0 = Debug|Any CPU
		{781321C7-7737-4B1F-BA13-048169502805}.Debug|x86.ActiveCfg = Debug|Any CPU
		{781321C7-7737-4B1F-BA13-048169502805}.Release|Any CPU.ActiveCfg = Release|Any CPU
		{781321C7-7737-4B1F-BA13-048169502805}.Release|Any CPU.Build.0 = Release|Any CPU
		{781321C7-7737-4B1F-BA13-048169502805}.Release|Mixed Platforms.ActiveCfg = Release|Any CPU
		{781321C7-7737-4B1F-BA13-048169502805}.Release|Mixed Platforms.Build.0 = Release|Any CPU
		{781321C7-7737-4B1F-BA13-048169502805}.Release|x86.ActiveCfg = Release|Any CPU
		{109C1344-5BEA-4E1A-B662-2C7FE60AC428}._Temp|Any CPU.ActiveCfg = _Temp|Any CPU
		{109C1344-5BEA-4E1A-B662-2C7FE60AC428}._Temp|Any CPU.Build.0 = _Temp|Any CPU
		{109C1344-5BEA-4E1A-B662-2C7FE60AC428}._Temp|Mixed Platforms.ActiveCfg = _Temp|Any CPU
		{109C1344-5BEA-4E1A-B662-2C7FE60AC428}._Temp|Mixed Platforms.Build.0 = _Temp|Any CPU
		{109C1344-5BEA-4E1A-B662-2C7FE60AC428}._Temp|x86.ActiveCfg = _Temp|Any CPU
		{109C1344-5BEA-4E1A-B662-2C7FE60AC428}.Debug|Any CPU.ActiveCfg = Debug|Any CPU
		{109C1344-5BEA-4E1A-B662-2C7FE60AC428}.Debug|Any CPU.Build.0 = Debug|Any CPU
		{109C1344-5BEA-4E1A-B662-2C7FE60AC428}.Debug|Mixed Platforms.ActiveCfg = Debug|Any CPU
		{109C1344-5BEA-4E1A-B662-2C7FE60AC428}.Debug|Mixed Platforms.Build.0 = Debug|Any CPU
		{109C1344-5BEA-4E1A-B662-2C7FE60AC428}.Debug|x86.ActiveCfg = Debug|Any CPU
		{109C1344-5BEA-4E1A-B662-2C7FE60AC428}.Release|Any CPU.ActiveCfg = Release|Any CPU
		{109C1344-5BEA-4E1A-B662-2C7FE60AC428}.Release|Any CPU.Build.0 = Release|Any CPU
		{109C1344-5BEA-4E1A-B662-2C7FE60AC428}.Release|Mixed Platforms.ActiveCfg = Release|Any CPU
		{109C1344-5BEA-4E1A-B662-2C7FE60AC428}.Release|Mixed Platforms.Build.0 = Release|Any CPU
		{109C1344-5BEA-4E1A-B662-2C7FE60AC428}.Release|x86.ActiveCfg = Release|Any CPU
		{9807479B-F797-4A18-9FEB-0CC576C27308}._Temp|Any CPU.ActiveCfg = _Temp|Any CPU
		{9807479B-F797-4A18-9FEB-0CC576C27308}._Temp|Any CPU.Build.0 = _Temp|Any CPU
		{9807479B-F797-4A18-9FEB-0CC576C27308}._Temp|Mixed Platforms.ActiveCfg = _Temp|Any CPU
		{9807479B-F797-4A18-9FEB-0CC576C27308}._Temp|Mixed Platforms.Build.0 = _Temp|Any CPU
		{9807479B-F797-4A18-9FEB-0CC576C27308}._Temp|x86.ActiveCfg = _Temp|Any CPU
		{9807479B-F797-4A18-9FEB-0CC576C27308}.Debug|Any CPU.ActiveCfg = Debug|Any CPU
		{9807479B-F797-4A18-9FEB-0CC576C27308}.Debug|Any CPU.Build.0 = Debug|Any CPU
		{9807479B-F797-4A18-9FEB-0CC576C27308}.Debug|Mixed Platforms.ActiveCfg = Debug|Any CPU
		{9807479B-F797-4A18-9FEB-0CC576C27308}.Debug|Mixed Platforms.Build.0 = Debug|Any CPU
		{9807479B-F797-4A18-9FEB-0CC576C27308}.Debug|x86.ActiveCfg = Debug|Any CPU
		{9807479B-F797-4A18-9FEB-0CC576C27308}.Release|Any CPU.ActiveCfg = Release|Any CPU
		{9807479B-F797-4A18-9FEB-0CC576C27308}.Release|Any CPU.Build.0 = Release|Any CPU
		{9807479B-F797-4A18-9FEB-0CC576C27308}.Release|Mixed Platforms.ActiveCfg = Release|Any CPU
		{9807479B-F797-4A18-9FEB-0CC576C27308}.Release|Mixed Platforms.Build.0 = Release|Any CPU
		{9807479B-F797-4A18-9FEB-0CC576C27308}.Release|x86.ActiveCfg = Release|Any CPU
		{F8C3A892-7DE5-4CB1-AB2F-8AB743C12DE0}._Temp|Any CPU.ActiveCfg = Release|Any CPU
		{F8C3A892-7DE5-4CB1-AB2F-8AB743C12DE0}._Temp|Any CPU.Build.0 = Release|Any CPU
		{F8C3A892-7DE5-4CB1-AB2F-8AB743C12DE0}._Temp|Mixed Platforms.ActiveCfg = Release|Any CPU
		{F8C3A892-7DE5-4CB1-AB2F-8AB743C12DE0}._Temp|Mixed Platforms.Build.0 = Release|Any CPU
		{F8C3A892-7DE5-4CB1-AB2F-8AB743C12DE0}._Temp|x86.ActiveCfg = Release|Any CPU
		{F8C3A892-7DE5-4CB1-AB2F-8AB743C12DE0}.Debug|Any CPU.ActiveCfg = Debug|Any CPU
		{F8C3A892-7DE5-4CB1-AB2F-8AB743C12DE0}.Debug|Any CPU.Build.0 = Debug|Any CPU
		{F8C3A892-7DE5-4CB1-AB2F-8AB743C12DE0}.Debug|Mixed Platforms.ActiveCfg = Debug|Any CPU
		{F8C3A892-7DE5-4CB1-AB2F-8AB743C12DE0}.Debug|Mixed Platforms.Build.0 = Debug|Any CPU
		{F8C3A892-7DE5-4CB1-AB2F-8AB743C12DE0}.Debug|x86.ActiveCfg = Debug|Any CPU
		{F8C3A892-7DE5-4CB1-AB2F-8AB743C12DE0}.Release|Any CPU.ActiveCfg = Release|Any CPU
		{F8C3A892-7DE5-4CB1-AB2F-8AB743C12DE0}.Release|Any CPU.Build.0 = Release|Any CPU
		{F8C3A892-7DE5-4CB1-AB2F-8AB743C12DE0}.Release|Mixed Platforms.ActiveCfg = Release|Any CPU
		{F8C3A892-7DE5-4CB1-AB2F-8AB743C12DE0}.Release|Mixed Platforms.Build.0 = Release|Any CPU
		{F8C3A892-7DE5-4CB1-AB2F-8AB743C12DE0}.Release|x86.ActiveCfg = Release|Any CPU
		{8CA1D4DC-E1CF-4769-966F-EC26B3FD7802}._Temp|Any CPU.ActiveCfg = Release|Any CPU
		{8CA1D4DC-E1CF-4769-966F-EC26B3FD7802}._Temp|Any CPU.Build.0 = Release|Any CPU
		{8CA1D4DC-E1CF-4769-966F-EC26B3FD7802}._Temp|Mixed Platforms.ActiveCfg = Release|Any CPU
		{8CA1D4DC-E1CF-4769-966F-EC26B3FD7802}._Temp|Mixed Platforms.Build.0 = Release|Any CPU
		{8CA1D4DC-E1CF-4769-966F-EC26B3FD7802}._Temp|x86.ActiveCfg = Release|Any CPU
		{8CA1D4DC-E1CF-4769-966F-EC26B3FD7802}.Debug|Any CPU.ActiveCfg = Debug|Any CPU
		{8CA1D4DC-E1CF-4769-966F-EC26B3FD7802}.Debug|Any CPU.Build.0 = Debug|Any CPU
		{8CA1D4DC-E1CF-4769-966F-EC26B3FD7802}.Debug|Mixed Platforms.ActiveCfg = Debug|Any CPU
		{8CA1D4DC-E1CF-4769-966F-EC26B3FD7802}.Debug|Mixed Platforms.Build.0 = Debug|Any CPU
		{8CA1D4DC-E1CF-4769-966F-EC26B3FD7802}.Debug|x86.ActiveCfg = Debug|Any CPU
		{8CA1D4DC-E1CF-4769-966F-EC26B3FD7802}.Release|Any CPU.ActiveCfg = Release|Any CPU
		{8CA1D4DC-E1CF-4769-966F-EC26B3FD7802}.Release|Any CPU.Build.0 = Release|Any CPU
		{8CA1D4DC-E1CF-4769-966F-EC26B3FD7802}.Release|Mixed Platforms.ActiveCfg = Release|Any CPU
		{8CA1D4DC-E1CF-4769-966F-EC26B3FD7802}.Release|Mixed Platforms.Build.0 = Release|Any CPU
		{8CA1D4DC-E1CF-4769-966F-EC26B3FD7802}.Release|x86.ActiveCfg = Release|Any CPU
		{23E74796-191B-415D-A3C9-67BEDB7C0216}._Temp|Any CPU.ActiveCfg = Release|Any CPU
		{23E74796-191B-415D-A3C9-67BEDB7C0216}._Temp|Mixed Platforms.ActiveCfg = Release|Any CPU
		{23E74796-191B-415D-A3C9-67BEDB7C0216}._Temp|x86.ActiveCfg = Release|Any CPU
		{23E74796-191B-415D-A3C9-67BEDB7C0216}.Debug|Any CPU.ActiveCfg = Debug|Any CPU
		{23E74796-191B-415D-A3C9-67BEDB7C0216}.Debug|Any CPU.Build.0 = Debug|Any CPU
		{23E74796-191B-415D-A3C9-67BEDB7C0216}.Debug|Mixed Platforms.ActiveCfg = Debug|Any CPU
		{23E74796-191B-415D-A3C9-67BEDB7C0216}.Debug|Mixed Platforms.Build.0 = Debug|Any CPU
		{23E74796-191B-415D-A3C9-67BEDB7C0216}.Debug|x86.ActiveCfg = Debug|Any CPU
		{23E74796-191B-415D-A3C9-67BEDB7C0216}.Release|Any CPU.ActiveCfg = Release|Any CPU
		{23E74796-191B-415D-A3C9-67BEDB7C0216}.Release|Any CPU.Build.0 = Release|Any CPU
		{23E74796-191B-415D-A3C9-67BEDB7C0216}.Release|Mixed Platforms.ActiveCfg = Release|Any CPU
		{23E74796-191B-415D-A3C9-67BEDB7C0216}.Release|Mixed Platforms.Build.0 = Release|Any CPU
		{23E74796-191B-415D-A3C9-67BEDB7C0216}.Release|x86.ActiveCfg = Release|Any CPU
		{2AA0C2E4-554D-4E03-BB2D-9325DEF32AD0}._Temp|Any CPU.ActiveCfg = Release|Any CPU
		{2AA0C2E4-554D-4E03-BB2D-9325DEF32AD0}._Temp|Any CPU.Build.0 = Release|Any CPU
		{2AA0C2E4-554D-4E03-BB2D-9325DEF32AD0}._Temp|Mixed Platforms.ActiveCfg = Release|Any CPU
		{2AA0C2E4-554D-4E03-BB2D-9325DEF32AD0}._Temp|Mixed Platforms.Build.0 = Release|Any CPU
		{2AA0C2E4-554D-4E03-BB2D-9325DEF32AD0}._Temp|x86.ActiveCfg = Release|Any CPU
		{2AA0C2E4-554D-4E03-BB2D-9325DEF32AD0}.Debug|Any CPU.ActiveCfg = Debug|Any CPU
		{2AA0C2E4-554D-4E03-BB2D-9325DEF32AD0}.Debug|Any CPU.Build.0 = Debug|Any CPU
		{2AA0C2E4-554D-4E03-BB2D-9325DEF32AD0}.Debug|Mixed Platforms.ActiveCfg = Debug|Any CPU
		{2AA0C2E4-554D-4E03-BB2D-9325DEF32AD0}.Debug|Mixed Platforms.Build.0 = Debug|Any CPU
		{2AA0C2E4-554D-4E03-BB2D-9325DEF32AD0}.Debug|x86.ActiveCfg = Debug|Any CPU
		{2AA0C2E4-554D-4E03-BB2D-9325DEF32AD0}.Release|Any CPU.ActiveCfg = Release|Any CPU
		{2AA0C2E4-554D-4E03-BB2D-9325DEF32AD0}.Release|Any CPU.Build.0 = Release|Any CPU
		{2AA0C2E4-554D-4E03-BB2D-9325DEF32AD0}.Release|Mixed Platforms.ActiveCfg = Release|Any CPU
		{2AA0C2E4-554D-4E03-BB2D-9325DEF32AD0}.Release|Mixed Platforms.Build.0 = Release|Any CPU
		{2AA0C2E4-554D-4E03-BB2D-9325DEF32AD0}.Release|x86.ActiveCfg = Release|Any CPU
		{63759CD3-6172-4308-B978-3563645F858E}._Temp|Any CPU.ActiveCfg = Release|Any CPU
		{63759CD3-6172-4308-B978-3563645F858E}._Temp|Any CPU.Build.0 = Release|Any CPU
		{63759CD3-6172-4308-B978-3563645F858E}._Temp|Mixed Platforms.ActiveCfg = Release|Any CPU
		{63759CD3-6172-4308-B978-3563645F858E}._Temp|Mixed Platforms.Build.0 = Release|Any CPU
		{63759CD3-6172-4308-B978-3563645F858E}._Temp|x86.ActiveCfg = Release|Any CPU
		{63759CD3-6172-4308-B978-3563645F858E}.Debug|Any CPU.ActiveCfg = Debug|Any CPU
		{63759CD3-6172-4308-B978-3563645F858E}.Debug|Any CPU.Build.0 = Debug|Any CPU
		{63759CD3-6172-4308-B978-3563645F858E}.Debug|Mixed Platforms.ActiveCfg = Debug|Any CPU
		{63759CD3-6172-4308-B978-3563645F858E}.Debug|Mixed Platforms.Build.0 = Debug|Any CPU
		{63759CD3-6172-4308-B978-3563645F858E}.Debug|x86.ActiveCfg = Debug|Any CPU
		{63759CD3-6172-4308-B978-3563645F858E}.Release|Any CPU.ActiveCfg = Release|Any CPU
		{63759CD3-6172-4308-B978-3563645F858E}.Release|Any CPU.Build.0 = Release|Any CPU
		{63759CD3-6172-4308-B978-3563645F858E}.Release|Mixed Platforms.ActiveCfg = Release|Any CPU
		{63759CD3-6172-4308-B978-3563645F858E}.Release|Mixed Platforms.Build.0 = Release|Any CPU
		{63759CD3-6172-4308-B978-3563645F858E}.Release|x86.ActiveCfg = Release|Any CPU
		{20EEC8AE-B51D-4D52-A843-F9FE1CF28336}._Temp|Any CPU.ActiveCfg = Release|Any CPU
		{20EEC8AE-B51D-4D52-A843-F9FE1CF28336}._Temp|Any CPU.Build.0 = Release|Any CPU
		{20EEC8AE-B51D-4D52-A843-F9FE1CF28336}._Temp|Mixed Platforms.ActiveCfg = Release|Any CPU
		{20EEC8AE-B51D-4D52-A843-F9FE1CF28336}._Temp|Mixed Platforms.Build.0 = Release|Any CPU
		{20EEC8AE-B51D-4D52-A843-F9FE1CF28336}._Temp|x86.ActiveCfg = Release|Any CPU
		{20EEC8AE-B51D-4D52-A843-F9FE1CF28336}.Debug|Any CPU.ActiveCfg = Debug|Any CPU
		{20EEC8AE-B51D-4D52-A843-F9FE1CF28336}.Debug|Any CPU.Build.0 = Debug|Any CPU
		{20EEC8AE-B51D-4D52-A843-F9FE1CF28336}.Debug|Mixed Platforms.ActiveCfg = Debug|Any CPU
		{20EEC8AE-B51D-4D52-A843-F9FE1CF28336}.Debug|Mixed Platforms.Build.0 = Debug|Any CPU
		{20EEC8AE-B51D-4D52-A843-F9FE1CF28336}.Debug|x86.ActiveCfg = Debug|Any CPU
		{20EEC8AE-B51D-4D52-A843-F9FE1CF28336}.Release|Any CPU.ActiveCfg = Release|Any CPU
		{20EEC8AE-B51D-4D52-A843-F9FE1CF28336}.Release|Any CPU.Build.0 = Release|Any CPU
		{20EEC8AE-B51D-4D52-A843-F9FE1CF28336}.Release|Mixed Platforms.ActiveCfg = Release|Any CPU
		{20EEC8AE-B51D-4D52-A843-F9FE1CF28336}.Release|Mixed Platforms.Build.0 = Release|Any CPU
		{20EEC8AE-B51D-4D52-A843-F9FE1CF28336}.Release|x86.ActiveCfg = Release|Any CPU
		{8A90EE69-6C6D-46A9-B344-04111EBD0172}._Temp|Any CPU.ActiveCfg = Release|Any CPU
		{8A90EE69-6C6D-46A9-B344-04111EBD0172}._Temp|Any CPU.Build.0 = Release|Any CPU
		{8A90EE69-6C6D-46A9-B344-04111EBD0172}._Temp|Mixed Platforms.ActiveCfg = Release|Any CPU
		{8A90EE69-6C6D-46A9-B344-04111EBD0172}._Temp|Mixed Platforms.Build.0 = Release|Any CPU
		{8A90EE69-6C6D-46A9-B344-04111EBD0172}._Temp|x86.ActiveCfg = Release|Any CPU
		{8A90EE69-6C6D-46A9-B344-04111EBD0172}.Debug|Any CPU.ActiveCfg = Debug|Any CPU
		{8A90EE69-6C6D-46A9-B344-04111EBD0172}.Debug|Any CPU.Build.0 = Debug|Any CPU
		{8A90EE69-6C6D-46A9-B344-04111EBD0172}.Debug|Mixed Platforms.ActiveCfg = Debug|Any CPU
		{8A90EE69-6C6D-46A9-B344-04111EBD0172}.Debug|Mixed Platforms.Build.0 = Debug|Any CPU
		{8A90EE69-6C6D-46A9-B344-04111EBD0172}.Debug|x86.ActiveCfg = Debug|Any CPU
		{8A90EE69-6C6D-46A9-B344-04111EBD0172}.Release|Any CPU.ActiveCfg = Release|Any CPU
		{8A90EE69-6C6D-46A9-B344-04111EBD0172}.Release|Any CPU.Build.0 = Release|Any CPU
		{8A90EE69-6C6D-46A9-B344-04111EBD0172}.Release|Mixed Platforms.ActiveCfg = Release|Any CPU
		{8A90EE69-6C6D-46A9-B344-04111EBD0172}.Release|Mixed Platforms.Build.0 = Release|Any CPU
		{8A90EE69-6C6D-46A9-B344-04111EBD0172}.Release|x86.ActiveCfg = Release|Any CPU
		{C9ECAEE3-FBCC-40D3-A86E-54F5E300BAF2}._Temp|Any CPU.ActiveCfg = Release|Any CPU
		{C9ECAEE3-FBCC-40D3-A86E-54F5E300BAF2}._Temp|Any CPU.Build.0 = Release|Any CPU
		{C9ECAEE3-FBCC-40D3-A86E-54F5E300BAF2}._Temp|Mixed Platforms.ActiveCfg = Release|Any CPU
		{C9ECAEE3-FBCC-40D3-A86E-54F5E300BAF2}._Temp|Mixed Platforms.Build.0 = Release|Any CPU
		{C9ECAEE3-FBCC-40D3-A86E-54F5E300BAF2}._Temp|x86.ActiveCfg = Release|Any CPU
		{C9ECAEE3-FBCC-40D3-A86E-54F5E300BAF2}.Debug|Any CPU.ActiveCfg = Debug|Any CPU
		{C9ECAEE3-FBCC-40D3-A86E-54F5E300BAF2}.Debug|Any CPU.Build.0 = Debug|Any CPU
		{C9ECAEE3-FBCC-40D3-A86E-54F5E300BAF2}.Debug|Mixed Platforms.ActiveCfg = Debug|Any CPU
		{C9ECAEE3-FBCC-40D3-A86E-54F5E300BAF2}.Debug|Mixed Platforms.Build.0 = Debug|Any CPU
		{C9ECAEE3-FBCC-40D3-A86E-54F5E300BAF2}.Debug|x86.ActiveCfg = Debug|Any CPU
		{C9ECAEE3-FBCC-40D3-A86E-54F5E300BAF2}.Release|Any CPU.ActiveCfg = Release|Any CPU
		{C9ECAEE3-FBCC-40D3-A86E-54F5E300BAF2}.Release|Any CPU.Build.0 = Release|Any CPU
		{C9ECAEE3-FBCC-40D3-A86E-54F5E300BAF2}.Release|Mixed Platforms.ActiveCfg = Release|Any CPU
		{C9ECAEE3-FBCC-40D3-A86E-54F5E300BAF2}.Release|Mixed Platforms.Build.0 = Release|Any CPU
		{C9ECAEE3-FBCC-40D3-A86E-54F5E300BAF2}.Release|x86.ActiveCfg = Release|Any CPU
		{B6428C9D-7F5E-4E6A-94C5-3805FE999481}._Temp|Any CPU.ActiveCfg = Release|Any CPU
		{B6428C9D-7F5E-4E6A-94C5-3805FE999481}._Temp|Any CPU.Build.0 = Release|Any CPU
		{B6428C9D-7F5E-4E6A-94C5-3805FE999481}._Temp|Mixed Platforms.ActiveCfg = Release|Any CPU
		{B6428C9D-7F5E-4E6A-94C5-3805FE999481}._Temp|Mixed Platforms.Build.0 = Release|Any CPU
		{B6428C9D-7F5E-4E6A-94C5-3805FE999481}._Temp|x86.ActiveCfg = Release|Any CPU
		{B6428C9D-7F5E-4E6A-94C5-3805FE999481}.Debug|Any CPU.ActiveCfg = Debug|Any CPU
		{B6428C9D-7F5E-4E6A-94C5-3805FE999481}.Debug|Any CPU.Build.0 = Debug|Any CPU
		{B6428C9D-7F5E-4E6A-94C5-3805FE999481}.Debug|Mixed Platforms.ActiveCfg = Debug|Any CPU
		{B6428C9D-7F5E-4E6A-94C5-3805FE999481}.Debug|Mixed Platforms.Build.0 = Debug|Any CPU
		{B6428C9D-7F5E-4E6A-94C5-3805FE999481}.Debug|x86.ActiveCfg = Debug|Any CPU
		{B6428C9D-7F5E-4E6A-94C5-3805FE999481}.Release|Any CPU.ActiveCfg = Release|Any CPU
		{B6428C9D-7F5E-4E6A-94C5-3805FE999481}.Release|Any CPU.Build.0 = Release|Any CPU
		{B6428C9D-7F5E-4E6A-94C5-3805FE999481}.Release|Mixed Platforms.ActiveCfg = Release|Any CPU
		{B6428C9D-7F5E-4E6A-94C5-3805FE999481}.Release|Mixed Platforms.Build.0 = Release|Any CPU
		{B6428C9D-7F5E-4E6A-94C5-3805FE999481}.Release|x86.ActiveCfg = Release|Any CPU
		{9386AC57-5A25-462B-9414-4F282408955C}._Temp|Any CPU.ActiveCfg = Release|Any CPU
		{9386AC57-5A25-462B-9414-4F282408955C}._Temp|Any CPU.Build.0 = Release|Any CPU
		{9386AC57-5A25-462B-9414-4F282408955C}._Temp|Mixed Platforms.ActiveCfg = Release|Any CPU
		{9386AC57-5A25-462B-9414-4F282408955C}._Temp|Mixed Platforms.Build.0 = Release|Any CPU
		{9386AC57-5A25-462B-9414-4F282408955C}._Temp|x86.ActiveCfg = Release|Any CPU
		{9386AC57-5A25-462B-9414-4F282408955C}.Debug|Any CPU.ActiveCfg = Debug|Any CPU
		{9386AC57-5A25-462B-9414-4F282408955C}.Debug|Any CPU.Build.0 = Debug|Any CPU
		{9386AC57-5A25-462B-9414-4F282408955C}.Debug|Mixed Platforms.ActiveCfg = Debug|Any CPU
		{9386AC57-5A25-462B-9414-4F282408955C}.Debug|Mixed Platforms.Build.0 = Debug|Any CPU
		{9386AC57-5A25-462B-9414-4F282408955C}.Debug|x86.ActiveCfg = Debug|Any CPU
		{9386AC57-5A25-462B-9414-4F282408955C}.Release|Any CPU.ActiveCfg = Release|Any CPU
		{9386AC57-5A25-462B-9414-4F282408955C}.Release|Any CPU.Build.0 = Release|Any CPU
		{9386AC57-5A25-462B-9414-4F282408955C}.Release|Mixed Platforms.ActiveCfg = Release|Any CPU
		{9386AC57-5A25-462B-9414-4F282408955C}.Release|Mixed Platforms.Build.0 = Release|Any CPU
		{9386AC57-5A25-462B-9414-4F282408955C}.Release|x86.ActiveCfg = Release|Any CPU
		{976868E8-1BC7-4CA5-B1E2-ACA38FFFAFEE}._Temp|Any CPU.ActiveCfg = Release|Any CPU
		{976868E8-1BC7-4CA5-B1E2-ACA38FFFAFEE}._Temp|Any CPU.Build.0 = Release|Any CPU
		{976868E8-1BC7-4CA5-B1E2-ACA38FFFAFEE}._Temp|Mixed Platforms.ActiveCfg = Release|Any CPU
		{976868E8-1BC7-4CA5-B1E2-ACA38FFFAFEE}._Temp|Mixed Platforms.Build.0 = Release|Any CPU
		{976868E8-1BC7-4CA5-B1E2-ACA38FFFAFEE}._Temp|x86.ActiveCfg = Release|Any CPU
		{976868E8-1BC7-4CA5-B1E2-ACA38FFFAFEE}.Debug|Any CPU.ActiveCfg = Debug|Any CPU
		{976868E8-1BC7-4CA5-B1E2-ACA38FFFAFEE}.Debug|Any CPU.Build.0 = Debug|Any CPU
		{976868E8-1BC7-4CA5-B1E2-ACA38FFFAFEE}.Debug|Mixed Platforms.ActiveCfg = Debug|Any CPU
		{976868E8-1BC7-4CA5-B1E2-ACA38FFFAFEE}.Debug|Mixed Platforms.Build.0 = Debug|Any CPU
		{976868E8-1BC7-4CA5-B1E2-ACA38FFFAFEE}.Debug|x86.ActiveCfg = Debug|Any CPU
		{976868E8-1BC7-4CA5-B1E2-ACA38FFFAFEE}.Release|Any CPU.ActiveCfg = Release|Any CPU
		{976868E8-1BC7-4CA5-B1E2-ACA38FFFAFEE}.Release|Any CPU.Build.0 = Release|Any CPU
		{976868E8-1BC7-4CA5-B1E2-ACA38FFFAFEE}.Release|Mixed Platforms.ActiveCfg = Release|Any CPU
		{976868E8-1BC7-4CA5-B1E2-ACA38FFFAFEE}.Release|Mixed Platforms.Build.0 = Release|Any CPU
		{976868E8-1BC7-4CA5-B1E2-ACA38FFFAFEE}.Release|x86.ActiveCfg = Release|Any CPU
	EndGlobalSection
	GlobalSection(SolutionProperties) = preSolution
		HideSolutionNode = FALSE
	EndGlobalSection
	GlobalSection(NestedProjects) = preSolution
		{5F20C5AB-C496-4B9E-9DF6-6E4FE8330051} = {1BC129E2-EA41-4525-B29F-C3FCE7C4097F}
		{7B8D3AAB-8A25-4549-8F85-78CF67A5F4CB} = {1BC129E2-EA41-4525-B29F-C3FCE7C4097F}
		{2AA0C2E4-554D-4E03-BB2D-9325DEF32AD0} = {1BC129E2-EA41-4525-B29F-C3FCE7C4097F}
		{1A0CE98E-EC54-408C-9BA9-32617113B4F9} = {1BC129E2-EA41-4525-B29F-C3FCE7C4097F}
		{47D8D338-5994-4101-B864-2D801A2848F5} = {1BC129E2-EA41-4525-B29F-C3FCE7C4097F}
		{B6428C9D-7F5E-4E6A-94C5-3805FE999481} = {1BC129E2-EA41-4525-B29F-C3FCE7C4097F}
		{C9ECAEE3-FBCC-40D3-A86E-54F5E300BAF2} = {1BC129E2-EA41-4525-B29F-C3FCE7C4097F}
		{132C82AA-C2D7-4846-92F4-BD8A1949E3D4} = {5F20C5AB-C496-4B9E-9DF6-6E4FE8330051}
		{D9162372-81BE-4D8F-8321-E5D53372C59C} = {5F20C5AB-C496-4B9E-9DF6-6E4FE8330051}
		{B4A04CFB-233D-4304-8447-BC25085BD274} = {5F20C5AB-C496-4B9E-9DF6-6E4FE8330051}
		{54468285-F33E-4E66-ABF8-DCE4A624CBD8} = {132C82AA-C2D7-4846-92F4-BD8A1949E3D4}
		{63759CD3-6172-4308-B978-3563645F858E} = {54468285-F33E-4E66-ABF8-DCE4A624CBD8}
		{9C4D9835-5937-4D56-9919-769025FA9DEC} = {B4A04CFB-233D-4304-8447-BC25085BD274}
		{DB39501B-B9B6-42A5-BBD5-1DC96A0BE6EE} = {B4A04CFB-233D-4304-8447-BC25085BD274}
		{B937B7FD-3759-484B-8A1E-F7FADF835194} = {9C4D9835-5937-4D56-9919-769025FA9DEC}
		{30F88005-A2F6-4999-830C-70F3133C9564} = {B937B7FD-3759-484B-8A1E-F7FADF835194}
		{B40132D1-E305-46D2-AE24-E30E00933809} = {30F88005-A2F6-4999-830C-70F3133C9564}
		{109C1344-5BEA-4E1A-B662-2C7FE60AC428} = {30F88005-A2F6-4999-830C-70F3133C9564}
		{6C9FB20A-B7FB-4A41-91A1-B8EFD3BB7080} = {B40132D1-E305-46D2-AE24-E30E00933809}
		{9807479B-F797-4A18-9FEB-0CC576C27308} = {B40132D1-E305-46D2-AE24-E30E00933809}
		{781321C7-7737-4B1F-BA13-048169502805} = {6C9FB20A-B7FB-4A41-91A1-B8EFD3BB7080}
		{CF353162-0FC6-4336-840D-949378CEE284} = {7B8D3AAB-8A25-4549-8F85-78CF67A5F4CB}
		{F8C3A892-7DE5-4CB1-AB2F-8AB743C12DE0} = {7B8D3AAB-8A25-4549-8F85-78CF67A5F4CB}
		{8CA1D4DC-E1CF-4769-966F-EC26B3FD7802} = {7B8D3AAB-8A25-4549-8F85-78CF67A5F4CB}
		{1A5E6BA3-081D-478A-AEF6-3849C91D3F37} = {CF353162-0FC6-4336-840D-949378CEE284}
		{20EEC8AE-B51D-4D52-A843-F9FE1CF28336} = {1A5E6BA3-081D-478A-AEF6-3849C91D3F37}
		{8A90EE69-6C6D-46A9-B344-04111EBD0172} = {1A5E6BA3-081D-478A-AEF6-3849C91D3F37}
		{23E74796-191B-415D-A3C9-67BEDB7C0216} = {DB39501B-B9B6-42A5-BBD5-1DC96A0BE6EE}
		{415FF586-2D24-43BB-BDD0-22174EE05E3D} = {1A0CE98E-EC54-408C-9BA9-32617113B4F9}
		{29826A61-DF20-4CF2-AFDD-F55921C2ACCE} = {415FF586-2D24-43BB-BDD0-22174EE05E3D}
	EndGlobalSection
	GlobalSection(TestCaseManagementSettings) = postSolution
		CategoryFile = ..\..\nilnul.num.rational\nilnul.num.rational.vsmdi
	EndGlobalSection
EndGlobal
